
Microsoft Visual Studio Solution File, Format Version 12.00
# Visual Studio Version 17
VisualStudioVersion = 17.5.33627.172
MinimumVisualStudioVersion = 10.0.40219.1
Project("{9A19103F-16F7-4668-BE54-9A1E7A4F7556}") = "Book", "Book\Book.csproj", "{994C1E27-AE20-4C59-A0F2-5A4FC4ACB5C9}"
EndProject
Project("{9A19103F-16F7-4668-BE54-9A1E7A4F7556}") = "Book.DataAccess", "Book.DataAccess\Book.DataAccess.csproj", "{9485E7A4-DB88-4290-8B82-D2A79DBB4754}"
EndProject
Project("{9A19103F-16F7-4668-BE54-9A1E7A4F7556}") = "Book.Models", "Book.Models\Book.Models.csproj", "{BF432C20-10E5-4744-BCCE-761C18840828}"
EndProject
Project("{9A19103F-16F7-4668-BE54-9A1E7A4F7556}") = "Book.Utility", "Book.Utility\Book.Utility.csproj", "{1046821F-3A4C-410F-8D79-0744E7DA3872}"
EndProject
Global
	GlobalSection(SolutionConfigurationPlatforms) = preSolution
		Debug|Any CPU = Debug|Any CPU
		Debug|x64 = Debug|x64
		Debug|x86 = Debug|x86
		Release|Any CPU = Release|Any CPU
		Release|x64 = Release|x64
		Release|x86 = Release|x86
	EndGlobalSection
	GlobalSection(ProjectConfigurationPlatforms) = postSolution
		{994C1E27-AE20-4C59-A0F2-5A4FC4ACB5C9}.Debug|Any CPU.ActiveCfg = Debug|Any CPU
		{994C1E27-AE20-4C59-A0F2-5A4FC4ACB5C9}.Debug|Any CPU.Build.0 = Debug|Any CPU
		{994C1E27-AE20-4C59-A0F2-5A4FC4ACB5C9}.Debug|x64.ActiveCfg = Debug|x64
		{994C1E27-AE20-4C59-A0F2-5A4FC4ACB5C9}.Debug|x64.Build.0 = Debug|x64
		{994C1E27-AE20-4C59-A0F2-5A4FC4ACB5C9}.Debug|x86.ActiveCfg = Debug|Any CPU
		{994C1E27-AE20-4C59-A0F2-5A4FC4ACB5C9}.Debug|x86.Build.0 = Debug|Any CPU
		{994C1E27-AE20-4C59-A0F2-5A4FC4ACB5C9}.Release|Any CPU.ActiveCfg = Release|Any CPU
		{994C1E27-AE20-4C59-A0F2-5A4FC4ACB5C9}.Release|Any CPU.Build.0 = Release|Any CPU
		{994C1E27-AE20-4C59-A0F2-5A4FC4ACB5C9}.Release|x64.ActiveCfg = Release|x64
		{994C1E27-AE20-4C59-A0F2-5A4FC4ACB5C9}.Release|x64.Build.0 = Release|x64
		{994C1E27-AE20-4C59-A0F2-5A4FC4ACB5C9}.Release|x86.ActiveCfg = Release|Any CPU
		{994C1E27-AE20-4C59-A0F2-5A4FC4ACB5C9}.Release|x86.Build.0 = Release|Any CPU
		{9485E7A4-DB88-4290-8B82-D2A79DBB4754}.Debug|Any CPU.ActiveCfg = Debug|Any CPU
		{9485E7A4-DB88-4290-8B82-D2A79DBB4754}.Debug|Any CPU.Build.0 = Debug|Any CPU
		{9485E7A4-DB88-4290-8B82-D2A79DBB4754}.Debug|x64.ActiveCfg = Debug|Any CPU
		{9485E7A4-DB88-4290-8B82-D2A79DBB4754}.Debug|x64.Build.0 = Debug|Any CPU
		{9485E7A4-DB88-4290-8B82-D2A79DBB4754}.Debug|x86.ActiveCfg = Debug|x86
		{9485E7A4-DB88-4290-8B82-D2A79DBB4754}.Debug|x86.Build.0 = Debug|x86
		{9485E7A4-DB88-4290-8B82-D2A79DBB4754}.Release|Any CPU.ActiveCfg = Release|Any CPU
		{9485E7A4-DB88-4290-8B82-D2A79DBB4754}.Release|Any CPU.Build.0 = Release|Any CPU
		{9485E7A4-DB88-4290-8B82-D2A79DBB4754}.Release|x64.ActiveCfg = Release|Any CPU
		{9485E7A4-DB88-4290-8B82-D2A79DBB4754}.Release|x64.Build.0 = Release|Any CPU
		{9485E7A4-DB88-4290-8B82-D2A79DBB4754}.Release|x86.ActiveCfg = Release|x86
		{9485E7A4-DB88-4290-8B82-D2A79DBB4754}.Release|x86.Build.0 = Release|x86
		{BF432C20-10E5-4744-BCCE-761C18840828}.Debug|Any CPU.ActiveCfg = Debug|Any CPU
		{BF432C20-10E5-4744-BCCE-761C18840828}.Debug|Any CPU.Build.0 = Debug|Any CPU
		{BF432C20-10E5-4744-BCCE-761C18840828}.Debug|x64.ActiveCfg = Debug|Any CPU
		{BF432C20-10E5-4744-BCCE-761C18840828}.Debug|x64.Build.0 = Debug|Any CPU
		{BF432C20-10E5-4744-BCCE-761C18840828}.Debug|x86.ActiveCfg = Debug|Any CPU
		{BF432C20-10E5-4744-BCCE-761C18840828}.Debug|x86.Build.0 = Debug|Any CPU
		{BF432C20-10E5-4744-BCCE-761C18840828}.Release|Any CPU.ActiveCfg = Release|Any CPU
		{BF432C20-10E5-4744-BCCE-761C18840828}.Release|Any CPU.Build.0 = Release|Any CPU
		{BF432C20-10E5-4744-BCCE-761C18840828}.Release|x64.ActiveCfg = Release|Any CPU
		{BF432C20-10E5-4744-BCCE-761C18840828}.Release|x64.Build.0 = Release|Any CPU
		{BF432C20-10E5-4744-BCCE-761C18840828}.Release|x86.ActiveCfg = Release|Any CPU
		{BF432C20-10E5-4744-BCCE-761C18840828}.Release|x86.Build.0 = Release|Any CPU
		{1046821F-3A4C-410F-8D79-0744E7DA3872}.Debug|Any CPU.ActiveCfg = Debug|Any CPU
		{1046821F-3A4C-410F-8D79-0744E7DA3872}.Debug|Any CPU.Build.0 = Debug|Any CPU
		{1046821F-3A4C-410F-8D79-0744E7DA3872}.Debug|x64.ActiveCfg = Debug|Any CPU
		{1046821F-3A4C-410F-8D79-0744E7DA3872}.Debug|x64.Build.0 = Debug|Any CPU
		{1046821F-3A4C-410F-8D79-0744E7DA3872}.Debug|x86.ActiveCfg = Debug|Any CPU
		{1046821F-3A4C-410F-8D79-0744E7DA3872}.Debug|x86.Build.0 = Debug|Any CPU
		{1046821F-3A4C-410F-8D79-0744E7DA3872}.Release|Any CPU.ActiveCfg = Release|Any CPU
		{1046821F-3A4C-410F-8D79-0744E7DA3872}.Release|Any CPU.Build.0 = Release|Any CPU
		{1046821F-3A4C-410F-8D79-0744E7DA3872}.Release|x64.ActiveCfg = Release|Any CPU
		{1046821F-3A4C-410F-8D79-0744E7DA3872}.Release|x64.Build.0 = Release|Any CPU
		{1046821F-3A4C-410F-8D79-0744E7DA3872}.Release|x86.ActiveCfg = Release|Any CPU
		{1046821F-3A4C-410F-8D79-0744E7DA3872}.Release|x86.Build.0 = Release|Any CPU
	EndGlobalSection
	GlobalSection(SolutionProperties) = preSolution
		HideSolutionNode = FALSE
	EndGlobalSection
	GlobalSection(ExtensibilityGlobals) = postSolution
		SolutionGuid = {B3814B3D-6B6B-4924-8104-25B0844F7C3C}
	EndGlobalSection
EndGlobal
